
Microsoft Visual Studio Solution File, Format Version 12.00
# Visual Studio 15
VisualStudioVersion = 15.0.27004.2010
MinimumVisualStudioVersion = 10.0.40219.1
Project("{FAE04EC0-301F-11D3-BF4B-00C04F79EFBC}") = "PantherDI.Tests", "PantherDI.Tests\PantherDI.Tests.csproj", "{D999A680-1C02-44E1-8C7C-032C1F4DD6DC}"
EndProject
Project("{9A19103F-16F7-4668-BE54-9A1E7A4F7556}") = "PantherDI", "PantherDI\PantherDI.csproj", "{91A090A8-C7D8-4E42-8AD7-E2B97A40EE93}"
EndProject
Project("{FAE04EC0-301F-11D3-BF4B-00C04F79EFBC}") = "PantherDI.DNF-Extensions", "PantherDI.DNF-Extensions\PantherDI.DNF-Extensions.csproj", "{548A2832-BCD0-49BE-80B1-6284F673EA99}"
EndProject
Project("{2150E333-8FDC-42A3-9474-1A3956D46DE8}") = "Solution Items", "Solution Items", "{D2C37EAA-0DE3-4986-A156-DD0F50C9006C}"
	ProjectSection(SolutionItems) = preProject
		appveyor.yml = appveyor.yml
	EndProjectSection
EndProject
Global
	GlobalSection(SolutionConfigurationPlatforms) = preSolution
		Debug|Any CPU = Debug|Any CPU
		Release|Any CPU = Release|Any CPU
	EndGlobalSection
	GlobalSection(ProjectConfigurationPlatforms) = postSolution
		{D999A680-1C02-44E1-8C7C-032C1F4DD6DC}.Debug|Any CPU.ActiveCfg = Debug|Any CPU
		{D999A680-1C02-44E1-8C7C-032C1F4DD6DC}.Debug|Any CPU.Build.0 = Debug|Any CPU
		{D999A680-1C02-44E1-8C7C-032C1F4DD6DC}.Release|Any CPU.ActiveCfg = Release|Any CPU
		{D999A680-1C02-44E1-8C7C-032C1F4DD6DC}.Release|Any CPU.Build.0 = Release|Any CPU
		{91A090A8-C7D8-4E42-8AD7-E2B97A40EE93}.Debug|Any CPU.ActiveCfg = Debug|Any CPU
		{91A090A8-C7D8-4E42-8AD7-E2B97A40EE93}.Debug|Any CPU.Build.0 = Debug|Any CPU
		{91A090A8-C7D8-4E42-8AD7-E2B97A40EE93}.Release|Any CPU.ActiveCfg = Release|Any CPU
		{91A090A8-C7D8-4E42-8AD7-E2B97A40EE93}.Release|Any CPU.Build.0 = Release|Any CPU
		{548A2832-BCD0-49BE-80B1-6284F673EA99}.Debug|Any CPU.ActiveCfg = Debug|Any CPU
		{548A2832-BCD0-49BE-80B1-6284F673EA99}.Debug|Any CPU.Build.0 = Debug|Any CPU
		{548A2832-BCD0-49BE-80B1-6284F673EA99}.Release|Any CPU.ActiveCfg = Release|Any CPU
		{548A2832-BCD0-49BE-80B1-6284F673EA99}.Release|Any CPU.Build.0 = Release|Any CPU
	EndGlobalSection
	GlobalSection(SolutionProperties) = preSolution
		HideSolutionNode = FALSE
	EndGlobalSection
	GlobalSection(ExtensibilityGlobals) = postSolution
		SolutionGuid = {BB7CB443-AA99-452D-8B55-F39A97DE2CB4}
	EndGlobalSection
EndGlobal
