
Microsoft Visual Studio Solution File, Format Version 12.00
# Visual Studio 15
VisualStudioVersion = 15.0.26730.12
MinimumVisualStudioVersion = 10.0.40219.1
Project("{FAE04EC0-301F-11D3-BF4B-00C04F79EFBC}") = "PantherDI.Tests", "PantherDI.Tests\PantherDI.Tests.csproj", "{D999A680-1C02-44E1-8C7C-032C1F4DD6DC}"
EndProject
Project("{FAE04EC0-301F-11D3-BF4B-00C04F79EFBC}") = "PantherDI.DotNet47", "PantherDI.DotNet47\PantherDI.DotNet47.csproj", "{28179389-059D-47F5-A88C-C3EE35CD0674}"
EndProject
Global
	GlobalSection(SolutionConfigurationPlatforms) = preSolution
		Debug|Any CPU = Debug|Any CPU
		Release|Any CPU = Release|Any CPU
	EndGlobalSection
	GlobalSection(ProjectConfigurationPlatforms) = postSolution
		{D999A680-1C02-44E1-8C7C-032C1F4DD6DC}.Debug|Any CPU.ActiveCfg = Debug|Any CPU
		{D999A680-1C02-44E1-8C7C-032C1F4DD6DC}.Debug|Any CPU.Build.0 = Debug|Any CPU
		{D999A680-1C02-44E1-8C7C-032C1F4DD6DC}.Release|Any CPU.ActiveCfg = Release|Any CPU
		{D999A680-1C02-44E1-8C7C-032C1F4DD6DC}.Release|Any CPU.Build.0 = Release|Any CPU
		{28179389-059D-47F5-A88C-C3EE35CD0674}.Debug|Any CPU.ActiveCfg = Debug|Any CPU
		{28179389-059D-47F5-A88C-C3EE35CD0674}.Debug|Any CPU.Build.0 = Debug|Any CPU
		{28179389-059D-47F5-A88C-C3EE35CD0674}.Release|Any CPU.ActiveCfg = Release|Any CPU
		{28179389-059D-47F5-A88C-C3EE35CD0674}.Release|Any CPU.Build.0 = Release|Any CPU
	EndGlobalSection
	GlobalSection(SolutionProperties) = preSolution
		HideSolutionNode = FALSE
	EndGlobalSection
	GlobalSection(ExtensibilityGlobals) = postSolution
		SolutionGuid = {BB7CB443-AA99-452D-8B55-F39A97DE2CB4}
	EndGlobalSection
EndGlobal
